
Microsoft Visual Studio Solution File, Format Version 12.00
Project("{FAE04EC0-301F-11D3-BF4B-00C04F79EFBC}") = "InteractiveConsole", "InteractiveConsole\InteractiveConsole.csproj", "{19CC0F7B-A2A4-4BAC-A75E-472BAC23D935}"
EndProject
Project("{FAE04EC0-301F-11D3-BF4B-00C04F79EFBC}") = "InteractiveConsole.Examples", "InteractiveConsole.Examples\InteractiveConsole.Examples.csproj", "{E1731AFA-8836-4C9C-9138-504EB87C3EDE}"
EndProject
Global
	GlobalSection(SolutionConfigurationPlatforms) = preSolution
		Debug|Any CPU = Debug|Any CPU
		Release|Any CPU = Release|Any CPU
	EndGlobalSection
	GlobalSection(ProjectConfigurationPlatforms) = postSolution
		{19CC0F7B-A2A4-4BAC-A75E-472BAC23D935}.Debug|Any CPU.ActiveCfg = Debug|Any CPU
		{19CC0F7B-A2A4-4BAC-A75E-472BAC23D935}.Debug|Any CPU.Build.0 = Debug|Any CPU
		{19CC0F7B-A2A4-4BAC-A75E-472BAC23D935}.Release|Any CPU.ActiveCfg = Release|Any CPU
		{19CC0F7B-A2A4-4BAC-A75E-472BAC23D935}.Release|Any CPU.Build.0 = Release|Any CPU
		{E1731AFA-8836-4C9C-9138-504EB87C3EDE}.Debug|Any CPU.ActiveCfg = Debug|Any CPU
		{E1731AFA-8836-4C9C-9138-504EB87C3EDE}.Debug|Any CPU.Build.0 = Debug|Any CPU
		{E1731AFA-8836-4C9C-9138-504EB87C3EDE}.Release|Any CPU.ActiveCfg = Release|Any CPU
		{E1731AFA-8836-4C9C-9138-504EB87C3EDE}.Release|Any CPU.Build.0 = Release|Any CPU
	EndGlobalSection
EndGlobal
